// !$*UTF8*$!
{
	archiveVersion = 1;
	classes = {
	};
	objectVersion = 52;
	objects = {

/* Begin PBXBuildFile section */
		00099C6A25AB560200843AF4 /* AppDelegate.swift in Sources */ = {isa = PBXBuildFile; fileRef = 00099C6925AB560200843AF4 /* AppDelegate.swift */; };
		00099C6C25AB560200843AF4 /* SceneDelegate.swift in Sources */ = {isa = PBXBuildFile; fileRef = 00099C6B25AB560200843AF4 /* SceneDelegate.swift */; };
		00099C6E25AB560200843AF4 /* ContentView.swift in Sources */ = {isa = PBXBuildFile; fileRef = 00099C6D25AB560200843AF4 /* ContentView.swift */; };
		00099C7025AB560500843AF4 /* Assets.xcassets in Resources */ = {isa = PBXBuildFile; fileRef = 00099C6F25AB560500843AF4 /* Assets.xcassets */; };
		00099C7325AB560500843AF4 /* Preview Assets.xcassets in Resources */ = {isa = PBXBuildFile; fileRef = 00099C7225AB560500843AF4 /* Preview Assets.xcassets */; };
		00099C7625AB560500843AF4 /* LaunchScreen.storyboard in Resources */ = {isa = PBXBuildFile; fileRef = 00099C7425AB560500843AF4 /* LaunchScreen.storyboard */; };
		00099C8725AB581B00843AF4 /* HomeView.swift in Sources */ = {isa = PBXBuildFile; fileRef = 00099C8625AB581B00843AF4 /* HomeView.swift */; };
		00099C8B25AB584200843AF4 /* GameRow.swift in Sources */ = {isa = PBXBuildFile; fileRef = 00099C8A25AB584200843AF4 /* GameRow.swift */; };
		00099C8F25AB58B400843AF4 /* Alamofire in Frameworks */ = {isa = PBXBuildFile; productRef = 00099C8E25AB58B400843AF4 /* Alamofire */; };
		00099C9325AB58E700843AF4 /* SDWebImageSwiftUI in Frameworks */ = {isa = PBXBuildFile; productRef = 00099C9225AB58E700843AF4 /* SDWebImageSwiftUI */; };
		00099C9825AB671B00843AF4 /* RoundedCorners.swift in Sources */ = {isa = PBXBuildFile; fileRef = 00099C9725AB671B00843AF4 /* RoundedCorners.swift */; };
		00099C9D25AB6B7800843AF4 /* View+Ext.swift in Sources */ = {isa = PBXBuildFile; fileRef = 00099C9C25AB6B7800843AF4 /* View+Ext.swift */; };
		002E948725B5A72200B03946 /* SearchInteractor.swift in Sources */ = {isa = PBXBuildFile; fileRef = 002E948625B5A72200B03946 /* SearchInteractor.swift */; };
		002E948C25B5A7D700B03946 /* SearchView.swift in Sources */ = {isa = PBXBuildFile; fileRef = 002E948B25B5A7D700B03946 /* SearchView.swift */; };
		002E949225B5A82200B03946 /* SearchRouter.swift in Sources */ = {isa = PBXBuildFile; fileRef = 002E949125B5A82200B03946 /* SearchRouter.swift */; };
		002E949625B5A85100B03946 /* SearchPresenter.swift in Sources */ = {isa = PBXBuildFile; fileRef = 002E949525B5A85100B03946 /* SearchPresenter.swift */; };
		002E949925B5A9EF00B03946 /* SearchBar.swift in Sources */ = {isa = PBXBuildFile; fileRef = 002E949825B5A9EF00B03946 /* SearchBar.swift */; };
		003018EA25B2ABD2004F9925 /* Realm in Frameworks */ = {isa = PBXBuildFile; productRef = 003018E925B2ABD2004F9925 /* Realm */; };
		003018EC25B2ABD2004F9925 /* RealmSwift in Frameworks */ = {isa = PBXBuildFile; productRef = 003018EB25B2ABD2004F9925 /* RealmSwift */; };
		003018F325B2AC11004F9925 /* GameEntity.swift in Sources */ = {isa = PBXBuildFile; fileRef = 003018F225B2AC11004F9925 /* GameEntity.swift */; };
		003018F625B2AC29004F9925 /* LocalDataSource.swift in Sources */ = {isa = PBXBuildFile; fileRef = 003018F525B2AC29004F9925 /* LocalDataSource.swift */; };
		003018F925B2AC57004F9925 /* String+Ext.swift in Sources */ = {isa = PBXBuildFile; fileRef = 003018F825B2AC57004F9925 /* String+Ext.swift */; };
		003018FC25B2B2FF004F9925 /* RealmResults+Ext.swift in Sources */ = {isa = PBXBuildFile; fileRef = 003018FB25B2B2FF004F9925 /* RealmResults+Ext.swift */; };
		0030190325B2BA03004F9925 /* FavouritePresenter.swift in Sources */ = {isa = PBXBuildFile; fileRef = 0030190225B2BA03004F9925 /* FavouritePresenter.swift */; };
		0030190625B2BA27004F9925 /* FavouriteInteractor.swift in Sources */ = {isa = PBXBuildFile; fileRef = 0030190525B2BA27004F9925 /* FavouriteInteractor.swift */; };
		0030190925B2C185004F9925 /* FavouriteRouter.swift in Sources */ = {isa = PBXBuildFile; fileRef = 0030190825B2C185004F9925 /* FavouriteRouter.swift */; };
		0030190C25B2C205004F9925 /* FavouriteView.swift in Sources */ = {isa = PBXBuildFile; fileRef = 0030190B25B2C205004F9925 /* FavouriteView.swift */; };
		0030190F25B2CF5B004F9925 /* CustomAlert+Ext.swift in Sources */ = {isa = PBXBuildFile; fileRef = 0030190E25B2CF5B004F9925 /* CustomAlert+Ext.swift */; };
		00457CCD25BFAADC00D5FE60 /* CoreSDK in Frameworks */ = {isa = PBXBuildFile; productRef = 00457CCC25BFAADC00D5FE60 /* CoreSDK */; };
		009092D425B1CA0A00508A60 /* .swiftlint.yml in Resources */ = {isa = PBXBuildFile; fileRef = 009092D325B1CA0A00508A60 /* .swiftlint.yml */; };
		00AFAD1F25AD16D700C4330C /* DetailView.swift in Sources */ = {isa = PBXBuildFile; fileRef = 00AFAD1E25AD16D700C4330C /* DetailView.swift */; };
		00AFAD2225AD16FF00C4330C /* DetailPresenter.swift in Sources */ = {isa = PBXBuildFile; fileRef = 00AFAD2125AD16FF00C4330C /* DetailPresenter.swift */; };
		00B6756725BFB09E00A888B5 /* Catalogue in Frameworks */ = {isa = PBXBuildFile; productRef = 00B6756625BFB09E00A888B5 /* Catalogue */; };
		00E3340C25BE686A000A36B4 /* Game_CatalogueTests.swift in Sources */ = {isa = PBXBuildFile; fileRef = 00E3340B25BE686A000A36B4 /* Game_CatalogueTests.swift */; };
		00E3341C25BE688A000A36B4 /* Game_CatalogueUITests.swift in Sources */ = {isa = PBXBuildFile; fileRef = 00E3341B25BE688A000A36B4 /* Game_CatalogueUITests.swift */; };
		00E62A8F25ABEF1E00A285B7 /* UIColor+Ext.swift in Sources */ = {isa = PBXBuildFile; fileRef = 00E62A8E25ABEF1E00A285B7 /* UIColor+Ext.swift */; };
		00E62A9325ABF38200A285B7 /* NavigationConfigurator.swift in Sources */ = {isa = PBXBuildFile; fileRef = 00E62A9225ABF38200A285B7 /* NavigationConfigurator.swift */; };
		00E62B8F25AC9D1500A285B7 /* ProfileView.swift in Sources */ = {isa = PBXBuildFile; fileRef = 00E62B8E25AC9D1500A285B7 /* ProfileView.swift */; };
		00E62B9625ACB06100A285B7 /* RemoteDataSource.swift in Sources */ = {isa = PBXBuildFile; fileRef = 00E62B9525ACB06100A285B7 /* RemoteDataSource.swift */; };
		00E62B9A25ACB12E00A285B7 /* GamesResponse.swift in Sources */ = {isa = PBXBuildFile; fileRef = 00E62B9925ACB12E00A285B7 /* GamesResponse.swift */; };
		00E62B9D25ACB50C00A285B7 /* DetailGameResponse.swift in Sources */ = {isa = PBXBuildFile; fileRef = 00E62B9C25ACB50C00A285B7 /* DetailGameResponse.swift */; };
		00E62BA025ACB72C00A285B7 /* CustomError+Ext.swift in Sources */ = {isa = PBXBuildFile; fileRef = 00E62B9F25ACB72C00A285B7 /* CustomError+Ext.swift */; };
		00E62BA425ACB7A000A285B7 /* APICall.swift in Sources */ = {isa = PBXBuildFile; fileRef = 00E62BA325ACB7A000A285B7 /* APICall.swift */; };
		00E62BA725ACBA2000A285B7 /* GameRepository.swift in Sources */ = {isa = PBXBuildFile; fileRef = 00E62BA625ACBA2000A285B7 /* GameRepository.swift */; };
		00E62BAC25ACBAC900A285B7 /* GameModel.swift in Sources */ = {isa = PBXBuildFile; fileRef = 00E62BAB25ACBAC900A285B7 /* GameModel.swift */; };
		00E62BAF25ACBB7200A285B7 /* DetailGameModel.swift in Sources */ = {isa = PBXBuildFile; fileRef = 00E62BAE25ACBB7200A285B7 /* DetailGameModel.swift */; };
		00E62BB325ACBC2100A285B7 /* GameMapper.swift in Sources */ = {isa = PBXBuildFile; fileRef = 00E62BB225ACBC2100A285B7 /* GameMapper.swift */; };
		00E62BB725ACBF8F00A285B7 /* HomeInteractor.swift in Sources */ = {isa = PBXBuildFile; fileRef = 00E62BB625ACBF8F00A285B7 /* HomeInteractor.swift */; };
		00E62BBB25ACBFF300A285B7 /* DetailInteractor.swift in Sources */ = {isa = PBXBuildFile; fileRef = 00E62BBA25ACBFF300A285B7 /* DetailInteractor.swift */; };
		00E62BBF25ACC09C00A285B7 /* Injection.swift in Sources */ = {isa = PBXBuildFile; fileRef = 00E62BBE25ACC09C00A285B7 /* Injection.swift */; };
		00E62BC225ACC19100A285B7 /* HomePresenter.swift in Sources */ = {isa = PBXBuildFile; fileRef = 00E62BC125ACC19100A285B7 /* HomePresenter.swift */; };
		00E62BC525ACC1F300A285B7 /* HomeRouter.swift in Sources */ = {isa = PBXBuildFile; fileRef = 00E62BC425ACC1F300A285B7 /* HomeRouter.swift */; };
		00E62BC925ACC2B500A285B7 /* ActivityIndicator.swift in Sources */ = {isa = PBXBuildFile; fileRef = 00E62BC825ACC2B500A285B7 /* ActivityIndicator.swift */; };
		00E6EA9425B975E700C8EDBA /* ListSeparatorStyleNoneModifier.swift in Sources */ = {isa = PBXBuildFile; fileRef = 00E6EA9325B975E700C8EDBA /* ListSeparatorStyleNoneModifier.swift */; };
/* End PBXBuildFile section */

/* Begin PBXContainerItemProxy section */
		00E3340E25BE686A000A36B4 /* PBXContainerItemProxy */ = {
			isa = PBXContainerItemProxy;
			containerPortal = 00099C5E25AB560200843AF4 /* Project object */;
			proxyType = 1;
			remoteGlobalIDString = 00099C6525AB560200843AF4;
			remoteInfo = "Game Catalogue";
		};
		00E3341E25BE688A000A36B4 /* PBXContainerItemProxy */ = {
			isa = PBXContainerItemProxy;
			containerPortal = 00099C5E25AB560200843AF4 /* Project object */;
			proxyType = 1;
			remoteGlobalIDString = 00099C6525AB560200843AF4;
			remoteInfo = "Game Catalogue";
		};
/* End PBXContainerItemProxy section */

/* Begin PBXFileReference section */
		00099C6625AB560200843AF4 /* Game Catalogue.app */ = {isa = PBXFileReference; explicitFileType = wrapper.application; includeInIndex = 0; path = "Game Catalogue.app"; sourceTree = BUILT_PRODUCTS_DIR; };
		00099C6925AB560200843AF4 /* AppDelegate.swift */ = {isa = PBXFileReference; lastKnownFileType = sourcecode.swift; path = AppDelegate.swift; sourceTree = "<group>"; };
		00099C6B25AB560200843AF4 /* SceneDelegate.swift */ = {isa = PBXFileReference; lastKnownFileType = sourcecode.swift; path = SceneDelegate.swift; sourceTree = "<group>"; };
		00099C6D25AB560200843AF4 /* ContentView.swift */ = {isa = PBXFileReference; lastKnownFileType = sourcecode.swift; path = ContentView.swift; sourceTree = "<group>"; };
		00099C6F25AB560500843AF4 /* Assets.xcassets */ = {isa = PBXFileReference; lastKnownFileType = folder.assetcatalog; path = Assets.xcassets; sourceTree = "<group>"; };
		00099C7225AB560500843AF4 /* Preview Assets.xcassets */ = {isa = PBXFileReference; lastKnownFileType = folder.assetcatalog; path = "Preview Assets.xcassets"; sourceTree = "<group>"; };
		00099C7525AB560500843AF4 /* Base */ = {isa = PBXFileReference; lastKnownFileType = file.storyboard; name = Base; path = Base.lproj/LaunchScreen.storyboard; sourceTree = "<group>"; };
		00099C7725AB560500843AF4 /* Info.plist */ = {isa = PBXFileReference; lastKnownFileType = text.plist.xml; path = Info.plist; sourceTree = "<group>"; };
		00099C8625AB581B00843AF4 /* HomeView.swift */ = {isa = PBXFileReference; lastKnownFileType = sourcecode.swift; path = HomeView.swift; sourceTree = "<group>"; };
		00099C8A25AB584200843AF4 /* GameRow.swift */ = {isa = PBXFileReference; lastKnownFileType = sourcecode.swift; path = GameRow.swift; sourceTree = "<group>"; };
		00099C9725AB671B00843AF4 /* RoundedCorners.swift */ = {isa = PBXFileReference; lastKnownFileType = sourcecode.swift; path = RoundedCorners.swift; sourceTree = "<group>"; };
		00099C9C25AB6B7800843AF4 /* View+Ext.swift */ = {isa = PBXFileReference; lastKnownFileType = sourcecode.swift; path = "View+Ext.swift"; sourceTree = "<group>"; };
		002E948625B5A72200B03946 /* SearchInteractor.swift */ = {isa = PBXFileReference; lastKnownFileType = sourcecode.swift; path = SearchInteractor.swift; sourceTree = "<group>"; };
		002E948B25B5A7D700B03946 /* SearchView.swift */ = {isa = PBXFileReference; lastKnownFileType = sourcecode.swift; path = SearchView.swift; sourceTree = "<group>"; };
		002E949125B5A82200B03946 /* SearchRouter.swift */ = {isa = PBXFileReference; lastKnownFileType = sourcecode.swift; path = SearchRouter.swift; sourceTree = "<group>"; };
		002E949525B5A85100B03946 /* SearchPresenter.swift */ = {isa = PBXFileReference; lastKnownFileType = sourcecode.swift; path = SearchPresenter.swift; sourceTree = "<group>"; };
		002E949825B5A9EF00B03946 /* SearchBar.swift */ = {isa = PBXFileReference; lastKnownFileType = sourcecode.swift; path = SearchBar.swift; sourceTree = "<group>"; };
		003018F225B2AC11004F9925 /* GameEntity.swift */ = {isa = PBXFileReference; lastKnownFileType = sourcecode.swift; path = GameEntity.swift; sourceTree = "<group>"; };
		003018F525B2AC29004F9925 /* LocalDataSource.swift */ = {isa = PBXFileReference; lastKnownFileType = sourcecode.swift; path = LocalDataSource.swift; sourceTree = "<group>"; };
		003018F825B2AC57004F9925 /* String+Ext.swift */ = {isa = PBXFileReference; lastKnownFileType = sourcecode.swift; path = "String+Ext.swift"; sourceTree = "<group>"; };
		003018FB25B2B2FF004F9925 /* RealmResults+Ext.swift */ = {isa = PBXFileReference; lastKnownFileType = sourcecode.swift; path = "RealmResults+Ext.swift"; sourceTree = "<group>"; };
		0030190225B2BA03004F9925 /* FavouritePresenter.swift */ = {isa = PBXFileReference; lastKnownFileType = sourcecode.swift; path = FavouritePresenter.swift; sourceTree = "<group>"; };
		0030190525B2BA27004F9925 /* FavouriteInteractor.swift */ = {isa = PBXFileReference; lastKnownFileType = sourcecode.swift; path = FavouriteInteractor.swift; sourceTree = "<group>"; };
		0030190825B2C185004F9925 /* FavouriteRouter.swift */ = {isa = PBXFileReference; lastKnownFileType = sourcecode.swift; path = FavouriteRouter.swift; sourceTree = "<group>"; };
		0030190B25B2C205004F9925 /* FavouriteView.swift */ = {isa = PBXFileReference; lastKnownFileType = sourcecode.swift; path = FavouriteView.swift; sourceTree = "<group>"; };
		0030190E25B2CF5B004F9925 /* CustomAlert+Ext.swift */ = {isa = PBXFileReference; lastKnownFileType = sourcecode.swift; path = "CustomAlert+Ext.swift"; sourceTree = "<group>"; };
		009092D325B1CA0A00508A60 /* .swiftlint.yml */ = {isa = PBXFileReference; lastKnownFileType = text.yaml; path = .swiftlint.yml; sourceTree = "<group>"; };
		00AFAD1E25AD16D700C4330C /* DetailView.swift */ = {isa = PBXFileReference; lastKnownFileType = sourcecode.swift; path = DetailView.swift; sourceTree = "<group>"; };
		00AFAD2125AD16FF00C4330C /* DetailPresenter.swift */ = {isa = PBXFileReference; lastKnownFileType = sourcecode.swift; path = DetailPresenter.swift; sourceTree = "<group>"; };
		00B6756225BFB06500A888B5 /* Catalogue */ = {isa = PBXFileReference; lastKnownFileType = folder; name = Catalogue; path = Modularization/Catalogue; sourceTree = "<group>"; };
		00E3340925BE686A000A36B4 /* Game CatalogueTests.xctest */ = {isa = PBXFileReference; explicitFileType = wrapper.cfbundle; includeInIndex = 0; path = "Game CatalogueTests.xctest"; sourceTree = BUILT_PRODUCTS_DIR; };
		00E3340B25BE686A000A36B4 /* Game_CatalogueTests.swift */ = {isa = PBXFileReference; lastKnownFileType = sourcecode.swift; path = Game_CatalogueTests.swift; sourceTree = "<group>"; };
		00E3340D25BE686A000A36B4 /* Info.plist */ = {isa = PBXFileReference; lastKnownFileType = text.plist.xml; path = Info.plist; sourceTree = "<group>"; };
		00E3341925BE688A000A36B4 /* Game CatalogueUITests.xctest */ = {isa = PBXFileReference; explicitFileType = wrapper.cfbundle; includeInIndex = 0; path = "Game CatalogueUITests.xctest"; sourceTree = BUILT_PRODUCTS_DIR; };
		00E3341B25BE688A000A36B4 /* Game_CatalogueUITests.swift */ = {isa = PBXFileReference; lastKnownFileType = sourcecode.swift; path = Game_CatalogueUITests.swift; sourceTree = "<group>"; };
		00E3341D25BE688A000A36B4 /* Info.plist */ = {isa = PBXFileReference; lastKnownFileType = text.plist.xml; path = Info.plist; sourceTree = "<group>"; };
		00E62A8E25ABEF1E00A285B7 /* UIColor+Ext.swift */ = {isa = PBXFileReference; lastKnownFileType = sourcecode.swift; path = "UIColor+Ext.swift"; sourceTree = "<group>"; };
		00E62A9225ABF38200A285B7 /* NavigationConfigurator.swift */ = {isa = PBXFileReference; lastKnownFileType = sourcecode.swift; path = NavigationConfigurator.swift; sourceTree = "<group>"; };
		00E62B8E25AC9D1500A285B7 /* ProfileView.swift */ = {isa = PBXFileReference; lastKnownFileType = sourcecode.swift; path = ProfileView.swift; sourceTree = "<group>"; };
		00E62B9525ACB06100A285B7 /* RemoteDataSource.swift */ = {isa = PBXFileReference; lastKnownFileType = sourcecode.swift; path = RemoteDataSource.swift; sourceTree = "<group>"; };
		00E62B9925ACB12E00A285B7 /* GamesResponse.swift */ = {isa = PBXFileReference; lastKnownFileType = sourcecode.swift; path = GamesResponse.swift; sourceTree = "<group>"; };
		00E62B9C25ACB50C00A285B7 /* DetailGameResponse.swift */ = {isa = PBXFileReference; lastKnownFileType = sourcecode.swift; path = DetailGameResponse.swift; sourceTree = "<group>"; };
		00E62B9F25ACB72C00A285B7 /* CustomError+Ext.swift */ = {isa = PBXFileReference; lastKnownFileType = sourcecode.swift; path = "CustomError+Ext.swift"; sourceTree = "<group>"; };
		00E62BA325ACB7A000A285B7 /* APICall.swift */ = {isa = PBXFileReference; lastKnownFileType = sourcecode.swift; path = APICall.swift; sourceTree = "<group>"; };
		00E62BA625ACBA2000A285B7 /* GameRepository.swift */ = {isa = PBXFileReference; lastKnownFileType = sourcecode.swift; path = GameRepository.swift; sourceTree = "<group>"; };
		00E62BAB25ACBAC900A285B7 /* GameModel.swift */ = {isa = PBXFileReference; lastKnownFileType = sourcecode.swift; path = GameModel.swift; sourceTree = "<group>"; };
		00E62BAE25ACBB7200A285B7 /* DetailGameModel.swift */ = {isa = PBXFileReference; lastKnownFileType = sourcecode.swift; path = DetailGameModel.swift; sourceTree = "<group>"; };
		00E62BB225ACBC2100A285B7 /* GameMapper.swift */ = {isa = PBXFileReference; lastKnownFileType = sourcecode.swift; path = GameMapper.swift; sourceTree = "<group>"; };
		00E62BB625ACBF8F00A285B7 /* HomeInteractor.swift */ = {isa = PBXFileReference; lastKnownFileType = sourcecode.swift; path = HomeInteractor.swift; sourceTree = "<group>"; };
		00E62BBA25ACBFF300A285B7 /* DetailInteractor.swift */ = {isa = PBXFileReference; lastKnownFileType = sourcecode.swift; path = DetailInteractor.swift; sourceTree = "<group>"; };
		00E62BBE25ACC09C00A285B7 /* Injection.swift */ = {isa = PBXFileReference; lastKnownFileType = sourcecode.swift; path = Injection.swift; sourceTree = "<group>"; };
		00E62BC125ACC19100A285B7 /* HomePresenter.swift */ = {isa = PBXFileReference; lastKnownFileType = sourcecode.swift; path = HomePresenter.swift; sourceTree = "<group>"; };
		00E62BC425ACC1F300A285B7 /* HomeRouter.swift */ = {isa = PBXFileReference; lastKnownFileType = sourcecode.swift; path = HomeRouter.swift; sourceTree = "<group>"; };
		00E62BC825ACC2B500A285B7 /* ActivityIndicator.swift */ = {isa = PBXFileReference; lastKnownFileType = sourcecode.swift; path = ActivityIndicator.swift; sourceTree = "<group>"; };
		00E6EA9325B975E700C8EDBA /* ListSeparatorStyleNoneModifier.swift */ = {isa = PBXFileReference; lastKnownFileType = sourcecode.swift; path = ListSeparatorStyleNoneModifier.swift; sourceTree = "<group>"; };
/* End PBXFileReference section */

/* Begin PBXFrameworksBuildPhase section */
		00099C6325AB560200843AF4 /* Frameworks */ = {
			isa = PBXFrameworksBuildPhase;
			buildActionMask = 2147483647;
			files = (
				00457CCD25BFAADC00D5FE60 /* CoreSDK in Frameworks */,
				003018EC25B2ABD2004F9925 /* RealmSwift in Frameworks */,
				00B6756725BFB09E00A888B5 /* Catalogue in Frameworks */,
				003018EA25B2ABD2004F9925 /* Realm in Frameworks */,
				00099C9325AB58E700843AF4 /* SDWebImageSwiftUI in Frameworks */,
				00099C8F25AB58B400843AF4 /* Alamofire in Frameworks */,
			);
			runOnlyForDeploymentPostprocessing = 0;
		};
		00E3340625BE686A000A36B4 /* Frameworks */ = {
			isa = PBXFrameworksBuildPhase;
			buildActionMask = 2147483647;
			files = (
			);
			runOnlyForDeploymentPostprocessing = 0;
		};
		00E3341625BE688A000A36B4 /* Frameworks */ = {
			isa = PBXFrameworksBuildPhase;
			buildActionMask = 2147483647;
			files = (
			);
			runOnlyForDeploymentPostprocessing = 0;
		};
/* End PBXFrameworksBuildPhase section */

/* Begin PBXGroup section */
		00099C5D25AB560200843AF4 = {
			isa = PBXGroup;
			children = (
				00B6756225BFB06500A888B5 /* Catalogue */,
				009092D325B1CA0A00508A60 /* .swiftlint.yml */,
				00099C6825AB560200843AF4 /* Game Catalogue */,
				00E3340A25BE686A000A36B4 /* Game CatalogueTests */,
				00E3341A25BE688A000A36B4 /* Game CatalogueUITests */,
				00099C6725AB560200843AF4 /* Products */,
				00E27C1B25BF17140050277A /* Frameworks */,
			);
			sourceTree = "<group>";
		};
		00099C6725AB560200843AF4 /* Products */ = {
			isa = PBXGroup;
			children = (
				00099C6625AB560200843AF4 /* Game Catalogue.app */,
				00E3340925BE686A000A36B4 /* Game CatalogueTests.xctest */,
				00E3341925BE688A000A36B4 /* Game CatalogueUITests.xctest */,
			);
			name = Products;
			sourceTree = "<group>";
		};
		00099C6825AB560200843AF4 /* Game Catalogue */ = {
			isa = PBXGroup;
			children = (
				00099C7E25AB565400843AF4 /* App */,
				00099C8025AB566B00843AF4 /* Core */,
				00099C8125AB567A00843AF4 /* Module */,
				00099C6F25AB560500843AF4 /* Assets.xcassets */,
				00099C7425AB560500843AF4 /* LaunchScreen.storyboard */,
				00099C7725AB560500843AF4 /* Info.plist */,
				00099C7125AB560500843AF4 /* Preview Content */,
			);
			path = "Game Catalogue";
			sourceTree = "<group>";
		};
		00099C7125AB560500843AF4 /* Preview Content */ = {
			isa = PBXGroup;
			children = (
				00099C7225AB560500843AF4 /* Preview Assets.xcassets */,
			);
			path = "Preview Content";
			sourceTree = "<group>";
		};
		00099C7E25AB565400843AF4 /* App */ = {
			isa = PBXGroup;
			children = (
				00099C6925AB560200843AF4 /* AppDelegate.swift */,
				00099C6B25AB560200843AF4 /* SceneDelegate.swift */,
				00099C6D25AB560200843AF4 /* ContentView.swift */,
			);
			path = App;
			sourceTree = "<group>";
		};
		00099C8025AB566B00843AF4 /* Core */ = {
			isa = PBXGroup;
			children = (
				00E62BBD25ACC08E00A285B7 /* DI */,
				00E62BA925ACBA7400A285B7 /* Domain */,
				00E62B9225ACB02F00A285B7 /* Data */,
				00099C9525AB670100843AF4 /* Utils */,
			);
			path = Core;
			sourceTree = "<group>";
		};
		00099C8125AB567A00843AF4 /* Module */ = {
			isa = PBXGroup;
			children = (
				002E948925B5A7B500B03946 /* Search */,
				003018FE25B2B9B9004F9925 /* Favourite */,
				00E62BC725ACC21300A285B7 /* Detail */,
				00E62B8C25AC9CFD00A285B7 /* Profile */,
				00099C8225AB579000843AF4 /* Home */,
			);
			path = Module;
			sourceTree = "<group>";
		};
		00099C8225AB579000843AF4 /* Home */ = {
			isa = PBXGroup;
			children = (
				00099C8425AB57CA00843AF4 /* View */,
				00099C8325AB579F00843AF4 /* Presenter */,
				00099C8525AB57D300843AF4 /* Router */,
			);
			path = Home;
			sourceTree = "<group>";
		};
		00099C8325AB579F00843AF4 /* Presenter */ = {
			isa = PBXGroup;
			children = (
				00E62BC125ACC19100A285B7 /* HomePresenter.swift */,
			);
			path = Presenter;
			sourceTree = "<group>";
		};
		00099C8425AB57CA00843AF4 /* View */ = {
			isa = PBXGroup;
			children = (
				00099C8625AB581B00843AF4 /* HomeView.swift */,
				00099C8A25AB584200843AF4 /* GameRow.swift */,
			);
			path = View;
			sourceTree = "<group>";
		};
		00099C8525AB57D300843AF4 /* Router */ = {
			isa = PBXGroup;
			children = (
				00E62BC425ACC1F300A285B7 /* HomeRouter.swift */,
			);
			path = Router;
			sourceTree = "<group>";
		};
		00099C9525AB670100843AF4 /* Utils */ = {
			isa = PBXGroup;
			children = (
				00E62BB125ACBBFF00A285B7 /* Mapper */,
				00E62BA225ACB78F00A285B7 /* Network */,
				00099C9B25AB6B6400843AF4 /* Extensions */,
				00099C9625AB670C00843AF4 /* View */,
			);
			path = Utils;
			sourceTree = "<group>";
		};
		00099C9625AB670C00843AF4 /* View */ = {
			isa = PBXGroup;
			children = (
				00099C9725AB671B00843AF4 /* RoundedCorners.swift */,
				00E62A9225ABF38200A285B7 /* NavigationConfigurator.swift */,
				00E62BC825ACC2B500A285B7 /* ActivityIndicator.swift */,
				002E949825B5A9EF00B03946 /* SearchBar.swift */,
				00E6EA9325B975E700C8EDBA /* ListSeparatorStyleNoneModifier.swift */,
			);
			path = View;
			sourceTree = "<group>";
		};
		00099C9B25AB6B6400843AF4 /* Extensions */ = {
			isa = PBXGroup;
			children = (
				00099C9C25AB6B7800843AF4 /* View+Ext.swift */,
				00E62A8E25ABEF1E00A285B7 /* UIColor+Ext.swift */,
				00E62B9F25ACB72C00A285B7 /* CustomError+Ext.swift */,
				003018F825B2AC57004F9925 /* String+Ext.swift */,
				003018FB25B2B2FF004F9925 /* RealmResults+Ext.swift */,
				0030190E25B2CF5B004F9925 /* CustomAlert+Ext.swift */,
			);
			path = Extensions;
			sourceTree = "<group>";
		};
		002E948925B5A7B500B03946 /* Search */ = {
			isa = PBXGroup;
			children = (
				002E949025B5A7ED00B03946 /* Router */,
				002E948F25B5A7E100B03946 /* Presenter */,
				002E948A25B5A7C400B03946 /* View */,
			);
			path = Search;
			sourceTree = "<group>";
		};
		002E948A25B5A7C400B03946 /* View */ = {
			isa = PBXGroup;
			children = (
				002E948B25B5A7D700B03946 /* SearchView.swift */,
			);
			path = View;
			sourceTree = "<group>";
		};
		002E948F25B5A7E100B03946 /* Presenter */ = {
			isa = PBXGroup;
			children = (
				002E949525B5A85100B03946 /* SearchPresenter.swift */,
			);
			path = Presenter;
			sourceTree = "<group>";
		};
		002E949025B5A7ED00B03946 /* Router */ = {
			isa = PBXGroup;
			children = (
				002E949125B5A82200B03946 /* SearchRouter.swift */,
			);
			path = Router;
			sourceTree = "<group>";
		};
		003018EE25B2ABE9004F9925 /* Local */ = {
			isa = PBXGroup;
			children = (
				003018F025B2ABF3004F9925 /* Entity */,
				003018F525B2AC29004F9925 /* LocalDataSource.swift */,
			);
			path = Local;
			sourceTree = "<group>";
		};
		003018F025B2ABF3004F9925 /* Entity */ = {
			isa = PBXGroup;
			children = (
				003018F225B2AC11004F9925 /* GameEntity.swift */,
			);
			path = Entity;
			sourceTree = "<group>";
		};
		003018FE25B2B9B9004F9925 /* Favourite */ = {
			isa = PBXGroup;
			children = (
				0030190125B2B9DB004F9925 /* Router */,
				0030190025B2B9D4004F9925 /* Presenter */,
				003018FF25B2B9CD004F9925 /* View */,
			);
			path = Favourite;
			sourceTree = "<group>";
		};
		003018FF25B2B9CD004F9925 /* View */ = {
			isa = PBXGroup;
			children = (
				0030190B25B2C205004F9925 /* FavouriteView.swift */,
			);
			path = View;
			sourceTree = "<group>";
		};
		0030190025B2B9D4004F9925 /* Presenter */ = {
			isa = PBXGroup;
			children = (
				0030190225B2BA03004F9925 /* FavouritePresenter.swift */,
			);
			path = Presenter;
			sourceTree = "<group>";
		};
		0030190125B2B9DB004F9925 /* Router */ = {
			isa = PBXGroup;
			children = (
				0030190825B2C185004F9925 /* FavouriteRouter.swift */,
			);
			path = Router;
			sourceTree = "<group>";
		};
		00AFAD1C25AD16AE00C4330C /* View */ = {
			isa = PBXGroup;
			children = (
				00AFAD1E25AD16D700C4330C /* DetailView.swift */,
			);
			path = View;
			sourceTree = "<group>";
		};
		00AFAD1D25AD16B900C4330C /* Presenter */ = {
			isa = PBXGroup;
			children = (
				00AFAD2125AD16FF00C4330C /* DetailPresenter.swift */,
			);
			path = Presenter;
			sourceTree = "<group>";
		};
		00E27C1B25BF17140050277A /* Frameworks */ = {
			isa = PBXGroup;
			children = (
			);
			name = Frameworks;
			sourceTree = "<group>";
		};
		00E3340A25BE686A000A36B4 /* Game CatalogueTests */ = {
			isa = PBXGroup;
			children = (
				00E3340B25BE686A000A36B4 /* Game_CatalogueTests.swift */,
				00E3340D25BE686A000A36B4 /* Info.plist */,
			);
			path = "Game CatalogueTests";
			sourceTree = "<group>";
		};
		00E3341A25BE688A000A36B4 /* Game CatalogueUITests */ = {
			isa = PBXGroup;
			children = (
				00E3341B25BE688A000A36B4 /* Game_CatalogueUITests.swift */,
				00E3341D25BE688A000A36B4 /* Info.plist */,
			);
			path = "Game CatalogueUITests";
			sourceTree = "<group>";
		};
		00E62B8C25AC9CFD00A285B7 /* Profile */ = {
			isa = PBXGroup;
			children = (
				00E62B8D25AC9D0600A285B7 /* View */,
			);
			path = Profile;
			sourceTree = "<group>";
		};
		00E62B8D25AC9D0600A285B7 /* View */ = {
			isa = PBXGroup;
			children = (
				00E62B8E25AC9D1500A285B7 /* ProfileView.swift */,
			);
			path = View;
			sourceTree = "<group>";
		};
		00E62B9225ACB02F00A285B7 /* Data */ = {
			isa = PBXGroup;
			children = (
				003018EE25B2ABE9004F9925 /* Local */,
				00E62B9325ACB03700A285B7 /* Remote */,
				00E62BA625ACBA2000A285B7 /* GameRepository.swift */,
			);
			path = Data;
			sourceTree = "<group>";
		};
		00E62B9325ACB03700A285B7 /* Remote */ = {
			isa = PBXGroup;
			children = (
				00E62B9425ACB04200A285B7 /* Response */,
				00E62B9525ACB06100A285B7 /* RemoteDataSource.swift */,
			);
			path = Remote;
			sourceTree = "<group>";
		};
		00E62B9425ACB04200A285B7 /* Response */ = {
			isa = PBXGroup;
			children = (
				00E62B9925ACB12E00A285B7 /* GamesResponse.swift */,
				00E62B9C25ACB50C00A285B7 /* DetailGameResponse.swift */,
			);
			path = Response;
			sourceTree = "<group>";
		};
		00E62BA225ACB78F00A285B7 /* Network */ = {
			isa = PBXGroup;
			children = (
				00E62BA325ACB7A000A285B7 /* APICall.swift */,
			);
			path = Network;
			sourceTree = "<group>";
		};
		00E62BA925ACBA7400A285B7 /* Domain */ = {
			isa = PBXGroup;
			children = (
				00E62BB525ACBF7B00A285B7 /* UseCase */,
				00E62BAA25ACBA7D00A285B7 /* Model */,
			);
			path = Domain;
			sourceTree = "<group>";
		};
		00E62BAA25ACBA7D00A285B7 /* Model */ = {
			isa = PBXGroup;
			children = (
				00E62BAB25ACBAC900A285B7 /* GameModel.swift */,
				00E62BAE25ACBB7200A285B7 /* DetailGameModel.swift */,
			);
			path = Model;
			sourceTree = "<group>";
		};
		00E62BB125ACBBFF00A285B7 /* Mapper */ = {
			isa = PBXGroup;
			children = (
				00E62BB225ACBC2100A285B7 /* GameMapper.swift */,
			);
			path = Mapper;
			sourceTree = "<group>";
		};
		00E62BB525ACBF7B00A285B7 /* UseCase */ = {
			isa = PBXGroup;
			children = (
				00E62BB625ACBF8F00A285B7 /* HomeInteractor.swift */,
				00E62BBA25ACBFF300A285B7 /* DetailInteractor.swift */,
				0030190525B2BA27004F9925 /* FavouriteInteractor.swift */,
				002E948625B5A72200B03946 /* SearchInteractor.swift */,
			);
			path = UseCase;
			sourceTree = "<group>";
		};
		00E62BBD25ACC08E00A285B7 /* DI */ = {
			isa = PBXGroup;
			children = (
				00E62BBE25ACC09C00A285B7 /* Injection.swift */,
			);
			path = DI;
			sourceTree = "<group>";
		};
		00E62BC725ACC21300A285B7 /* Detail */ = {
			isa = PBXGroup;
			children = (
				00AFAD1D25AD16B900C4330C /* Presenter */,
				00AFAD1C25AD16AE00C4330C /* View */,
			);
			path = Detail;
			sourceTree = "<group>";
		};
/* End PBXGroup section */

/* Begin PBXNativeTarget section */
		00099C6525AB560200843AF4 /* Game Catalogue */ = {
			isa = PBXNativeTarget;
			buildConfigurationList = 00099C7A25AB560500843AF4 /* Build configuration list for PBXNativeTarget "Game Catalogue" */;
			buildPhases = (
				00099C6225AB560200843AF4 /* Sources */,
				00099C6325AB560200843AF4 /* Frameworks */,
				00099C6425AB560200843AF4 /* Resources */,
				009092D125B1C75F00508A60 /* ShellScript */,
			);
			buildRules = (
			);
			dependencies = (
			);
			name = "Game Catalogue";
			packageProductDependencies = (
				00099C8E25AB58B400843AF4 /* Alamofire */,
				00099C9225AB58E700843AF4 /* SDWebImageSwiftUI */,
				003018E925B2ABD2004F9925 /* Realm */,
				003018EB25B2ABD2004F9925 /* RealmSwift */,
				00457CCC25BFAADC00D5FE60 /* CoreSDK */,
				00B6756625BFB09E00A888B5 /* Catalogue */,
			);
			productName = "Game Catalogue";
			productReference = 00099C6625AB560200843AF4 /* Game Catalogue.app */;
			productType = "com.apple.product-type.application";
		};
		00E3340825BE686A000A36B4 /* Game CatalogueTests */ = {
			isa = PBXNativeTarget;
			buildConfigurationList = 00E3341025BE686A000A36B4 /* Build configuration list for PBXNativeTarget "Game CatalogueTests" */;
			buildPhases = (
				00E3340525BE686A000A36B4 /* Sources */,
				00E3340625BE686A000A36B4 /* Frameworks */,
				00E3340725BE686A000A36B4 /* Resources */,
			);
			buildRules = (
			);
			dependencies = (
				00E3340F25BE686A000A36B4 /* PBXTargetDependency */,
			);
			name = "Game CatalogueTests";
			productName = "Game CatalogueTests";
			productReference = 00E3340925BE686A000A36B4 /* Game CatalogueTests.xctest */;
			productType = "com.apple.product-type.bundle.unit-test";
		};
		00E3341825BE688A000A36B4 /* Game CatalogueUITests */ = {
			isa = PBXNativeTarget;
			buildConfigurationList = 00E3342025BE688A000A36B4 /* Build configuration list for PBXNativeTarget "Game CatalogueUITests" */;
			buildPhases = (
				00E3341525BE688A000A36B4 /* Sources */,
				00E3341625BE688A000A36B4 /* Frameworks */,
				00E3341725BE688A000A36B4 /* Resources */,
			);
			buildRules = (
			);
			dependencies = (
				00E3341F25BE688A000A36B4 /* PBXTargetDependency */,
			);
			name = "Game CatalogueUITests";
			productName = "Game CatalogueUITests";
			productReference = 00E3341925BE688A000A36B4 /* Game CatalogueUITests.xctest */;
			productType = "com.apple.product-type.bundle.ui-testing";
		};
/* End PBXNativeTarget section */

/* Begin PBXProject section */
		00099C5E25AB560200843AF4 /* Project object */ = {
			isa = PBXProject;
			attributes = {
				LastSwiftUpdateCheck = 1230;
				LastUpgradeCheck = 1210;
				TargetAttributes = {
					00099C6525AB560200843AF4 = {
						CreatedOnToolsVersion = 12.1;
					};
					00E3340825BE686A000A36B4 = {
						CreatedOnToolsVersion = 12.3;
						TestTargetID = 00099C6525AB560200843AF4;
					};
					00E3341825BE688A000A36B4 = {
						CreatedOnToolsVersion = 12.3;
						TestTargetID = 00099C6525AB560200843AF4;
					};
				};
			};
			buildConfigurationList = 00099C6125AB560200843AF4 /* Build configuration list for PBXProject "Game Catalogue" */;
			compatibilityVersion = "Xcode 9.3";
			developmentRegion = en;
			hasScannedForEncodings = 0;
			knownRegions = (
				en,
				Base,
			);
			mainGroup = 00099C5D25AB560200843AF4;
			packageReferences = (
				00099C8D25AB58B400843AF4 /* XCRemoteSwiftPackageReference "Alamofire" */,
				00099C9125AB58E700843AF4 /* XCRemoteSwiftPackageReference "SDWebImageSwiftUI" */,
				003018E825B2ABD2004F9925 /* XCRemoteSwiftPackageReference "realm-cocoa" */,
				00457CCB25BFAADC00D5FE60 /* XCRemoteSwiftPackageReference "Game-Catalogue-CoreSDK" */,
			);
			productRefGroup = 00099C6725AB560200843AF4 /* Products */;
			projectDirPath = "";
			projectRoot = "";
			targets = (
				00099C6525AB560200843AF4 /* Game Catalogue */,
				00E3340825BE686A000A36B4 /* Game CatalogueTests */,
				00E3341825BE688A000A36B4 /* Game CatalogueUITests */,
			);
		};
/* End PBXProject section */

/* Begin PBXResourcesBuildPhase section */
		00099C6425AB560200843AF4 /* Resources */ = {
			isa = PBXResourcesBuildPhase;
			buildActionMask = 2147483647;
			files = (
				009092D425B1CA0A00508A60 /* .swiftlint.yml in Resources */,
				00099C7625AB560500843AF4 /* LaunchScreen.storyboard in Resources */,
				00099C7325AB560500843AF4 /* Preview Assets.xcassets in Resources */,
				00099C7025AB560500843AF4 /* Assets.xcassets in Resources */,
			);
			runOnlyForDeploymentPostprocessing = 0;
		};
		00E3340725BE686A000A36B4 /* Resources */ = {
			isa = PBXResourcesBuildPhase;
			buildActionMask = 2147483647;
			files = (
			);
			runOnlyForDeploymentPostprocessing = 0;
		};
		00E3341725BE688A000A36B4 /* Resources */ = {
			isa = PBXResourcesBuildPhase;
			buildActionMask = 2147483647;
			files = (
			);
			runOnlyForDeploymentPostprocessing = 0;
		};
/* End PBXResourcesBuildPhase section */

/* Begin PBXShellScriptBuildPhase section */
		009092D125B1C75F00508A60 /* ShellScript */ = {
			isa = PBXShellScriptBuildPhase;
			buildActionMask = 2147483647;
			files = (
			);
			inputFileListPaths = (
			);
			inputPaths = (
			);
			outputFileListPaths = (
			);
			outputPaths = (
			);
			runOnlyForDeploymentPostprocessing = 0;
			shellPath = /bin/sh;
			shellScript = "if which swiftlint >/dev/null; then \n    swiftlint \nelse \n    echo \"warning: SwiftLint not installed, download from https://github.com/realm/SwiftLint\" \nfi\n";
		};
/* End PBXShellScriptBuildPhase section */

/* Begin PBXSourcesBuildPhase section */
		00099C6225AB560200843AF4 /* Sources */ = {
			isa = PBXSourcesBuildPhase;
			buildActionMask = 2147483647;
			files = (
				00E6EA9425B975E700C8EDBA /* ListSeparatorStyleNoneModifier.swift in Sources */,
				0030190325B2BA03004F9925 /* FavouritePresenter.swift in Sources */,
				002E948725B5A72200B03946 /* SearchInteractor.swift in Sources */,
				00099C9D25AB6B7800843AF4 /* View+Ext.swift in Sources */,
				00099C6A25AB560200843AF4 /* AppDelegate.swift in Sources */,
				0030190F25B2CF5B004F9925 /* CustomAlert+Ext.swift in Sources */,
				00AFAD2225AD16FF00C4330C /* DetailPresenter.swift in Sources */,
				00E62BC225ACC19100A285B7 /* HomePresenter.swift in Sources */,
				00E62BA425ACB7A000A285B7 /* APICall.swift in Sources */,
				00E62BB725ACBF8F00A285B7 /* HomeInteractor.swift in Sources */,
				00E62B9625ACB06100A285B7 /* RemoteDataSource.swift in Sources */,
				00E62B8F25AC9D1500A285B7 /* ProfileView.swift in Sources */,
				003018FC25B2B2FF004F9925 /* RealmResults+Ext.swift in Sources */,
				002E949225B5A82200B03946 /* SearchRouter.swift in Sources */,
				0030190625B2BA27004F9925 /* FavouriteInteractor.swift in Sources */,
				00AFAD1F25AD16D700C4330C /* DetailView.swift in Sources */,
				0030190C25B2C205004F9925 /* FavouriteView.swift in Sources */,
				00099C8725AB581B00843AF4 /* HomeView.swift in Sources */,
				00099C8B25AB584200843AF4 /* GameRow.swift in Sources */,
				00099C6C25AB560200843AF4 /* SceneDelegate.swift in Sources */,
				00E62A8F25ABEF1E00A285B7 /* UIColor+Ext.swift in Sources */,
				00E62BA725ACBA2000A285B7 /* GameRepository.swift in Sources */,
				002E948C25B5A7D700B03946 /* SearchView.swift in Sources */,
				002E949625B5A85100B03946 /* SearchPresenter.swift in Sources */,
				003018F325B2AC11004F9925 /* GameEntity.swift in Sources */,
				0030190925B2C185004F9925 /* FavouriteRouter.swift in Sources */,
				00099C9825AB671B00843AF4 /* RoundedCorners.swift in Sources */,
				00E62BC525ACC1F300A285B7 /* HomeRouter.swift in Sources */,
				00E62A9325ABF38200A285B7 /* NavigationConfigurator.swift in Sources */,
				003018F925B2AC57004F9925 /* String+Ext.swift in Sources */,
				003018F625B2AC29004F9925 /* LocalDataSource.swift in Sources */,
				00E62BBF25ACC09C00A285B7 /* Injection.swift in Sources */,
				00E62BC925ACC2B500A285B7 /* ActivityIndicator.swift in Sources */,
				00E62BB325ACBC2100A285B7 /* GameMapper.swift in Sources */,
				00E62B9A25ACB12E00A285B7 /* GamesResponse.swift in Sources */,
				002E949925B5A9EF00B03946 /* SearchBar.swift in Sources */,
				00E62BA025ACB72C00A285B7 /* CustomError+Ext.swift in Sources */,
				00E62B9D25ACB50C00A285B7 /* DetailGameResponse.swift in Sources */,
				00099C6E25AB560200843AF4 /* ContentView.swift in Sources */,
				00E62BBB25ACBFF300A285B7 /* DetailInteractor.swift in Sources */,
				00E62BAF25ACBB7200A285B7 /* DetailGameModel.swift in Sources */,
				00E62BAC25ACBAC900A285B7 /* GameModel.swift in Sources */,
			);
			runOnlyForDeploymentPostprocessing = 0;
		};
		00E3340525BE686A000A36B4 /* Sources */ = {
			isa = PBXSourcesBuildPhase;
			buildActionMask = 2147483647;
			files = (
				00E3340C25BE686A000A36B4 /* Game_CatalogueTests.swift in Sources */,
			);
			runOnlyForDeploymentPostprocessing = 0;
		};
		00E3341525BE688A000A36B4 /* Sources */ = {
			isa = PBXSourcesBuildPhase;
			buildActionMask = 2147483647;
			files = (
				00E3341C25BE688A000A36B4 /* Game_CatalogueUITests.swift in Sources */,
			);
			runOnlyForDeploymentPostprocessing = 0;
		};
/* End PBXSourcesBuildPhase section */

/* Begin PBXTargetDependency section */
		00E3340F25BE686A000A36B4 /* PBXTargetDependency */ = {
			isa = PBXTargetDependency;
			target = 00099C6525AB560200843AF4 /* Game Catalogue */;
			targetProxy = 00E3340E25BE686A000A36B4 /* PBXContainerItemProxy */;
		};
		00E3341F25BE688A000A36B4 /* PBXTargetDependency */ = {
			isa = PBXTargetDependency;
			target = 00099C6525AB560200843AF4 /* Game Catalogue */;
			targetProxy = 00E3341E25BE688A000A36B4 /* PBXContainerItemProxy */;
		};
/* End PBXTargetDependency section */

/* Begin PBXVariantGroup section */
		00099C7425AB560500843AF4 /* LaunchScreen.storyboard */ = {
			isa = PBXVariantGroup;
			children = (
				00099C7525AB560500843AF4 /* Base */,
			);
			name = LaunchScreen.storyboard;
			sourceTree = "<group>";
		};
/* End PBXVariantGroup section */

/* Begin XCBuildConfiguration section */
		00099C7825AB560500843AF4 /* Debug */ = {
			isa = XCBuildConfiguration;
			buildSettings = {
				ALWAYS_SEARCH_USER_PATHS = NO;
				CLANG_ANALYZER_NONNULL = YES;
				CLANG_ANALYZER_NUMBER_OBJECT_CONVERSION = YES_AGGRESSIVE;
				CLANG_CXX_LANGUAGE_STANDARD = "gnu++14";
				CLANG_CXX_LIBRARY = "libc++";
				CLANG_ENABLE_MODULES = YES;
				CLANG_ENABLE_OBJC_ARC = YES;
				CLANG_ENABLE_OBJC_WEAK = YES;
				CLANG_WARN_BLOCK_CAPTURE_AUTORELEASING = YES;
				CLANG_WARN_BOOL_CONVERSION = YES;
				CLANG_WARN_COMMA = YES;
				CLANG_WARN_CONSTANT_CONVERSION = YES;
				CLANG_WARN_DEPRECATED_OBJC_IMPLEMENTATIONS = YES;
				CLANG_WARN_DIRECT_OBJC_ISA_USAGE = YES_ERROR;
				CLANG_WARN_DOCUMENTATION_COMMENTS = YES;
				CLANG_WARN_EMPTY_BODY = YES;
				CLANG_WARN_ENUM_CONVERSION = YES;
				CLANG_WARN_INFINITE_RECURSION = YES;
				CLANG_WARN_INT_CONVERSION = YES;
				CLANG_WARN_NON_LITERAL_NULL_CONVERSION = YES;
				CLANG_WARN_OBJC_IMPLICIT_RETAIN_SELF = YES;
				CLANG_WARN_OBJC_LITERAL_CONVERSION = YES;
				CLANG_WARN_OBJC_ROOT_CLASS = YES_ERROR;
				CLANG_WARN_QUOTED_INCLUDE_IN_FRAMEWORK_HEADER = YES;
				CLANG_WARN_RANGE_LOOP_ANALYSIS = YES;
				CLANG_WARN_STRICT_PROTOTYPES = YES;
				CLANG_WARN_SUSPICIOUS_MOVE = YES;
				CLANG_WARN_UNGUARDED_AVAILABILITY = YES_AGGRESSIVE;
				CLANG_WARN_UNREACHABLE_CODE = YES;
				CLANG_WARN__DUPLICATE_METHOD_MATCH = YES;
				COPY_PHASE_STRIP = NO;
				DEBUG_INFORMATION_FORMAT = dwarf;
				ENABLE_STRICT_OBJC_MSGSEND = YES;
				ENABLE_TESTABILITY = YES;
				GCC_C_LANGUAGE_STANDARD = gnu11;
				GCC_DYNAMIC_NO_PIC = NO;
				GCC_NO_COMMON_BLOCKS = YES;
				GCC_OPTIMIZATION_LEVEL = 0;
				GCC_PREPROCESSOR_DEFINITIONS = (
					"DEBUG=1",
					"$(inherited)",
				);
				GCC_WARN_64_TO_32_BIT_CONVERSION = YES;
				GCC_WARN_ABOUT_RETURN_TYPE = YES_ERROR;
				GCC_WARN_UNDECLARED_SELECTOR = YES;
				GCC_WARN_UNINITIALIZED_AUTOS = YES_AGGRESSIVE;
				GCC_WARN_UNUSED_FUNCTION = YES;
				GCC_WARN_UNUSED_VARIABLE = YES;
				IPHONEOS_DEPLOYMENT_TARGET = 14.0;
				MTL_ENABLE_DEBUG_INFO = INCLUDE_SOURCE;
				MTL_FAST_MATH = YES;
				ONLY_ACTIVE_ARCH = YES;
				SDKROOT = iphoneos;
				SWIFT_ACTIVE_COMPILATION_CONDITIONS = DEBUG;
				SWIFT_OPTIMIZATION_LEVEL = "-Onone";
			};
			name = Debug;
		};
		00099C7925AB560500843AF4 /* Release */ = {
			isa = XCBuildConfiguration;
			buildSettings = {
				ALWAYS_SEARCH_USER_PATHS = NO;
				CLANG_ANALYZER_NONNULL = YES;
				CLANG_ANALYZER_NUMBER_OBJECT_CONVERSION = YES_AGGRESSIVE;
				CLANG_CXX_LANGUAGE_STANDARD = "gnu++14";
				CLANG_CXX_LIBRARY = "libc++";
				CLANG_ENABLE_MODULES = YES;
				CLANG_ENABLE_OBJC_ARC = YES;
				CLANG_ENABLE_OBJC_WEAK = YES;
				CLANG_WARN_BLOCK_CAPTURE_AUTORELEASING = YES;
				CLANG_WARN_BOOL_CONVERSION = YES;
				CLANG_WARN_COMMA = YES;
				CLANG_WARN_CONSTANT_CONVERSION = YES;
				CLANG_WARN_DEPRECATED_OBJC_IMPLEMENTATIONS = YES;
				CLANG_WARN_DIRECT_OBJC_ISA_USAGE = YES_ERROR;
				CLANG_WARN_DOCUMENTATION_COMMENTS = YES;
				CLANG_WARN_EMPTY_BODY = YES;
				CLANG_WARN_ENUM_CONVERSION = YES;
				CLANG_WARN_INFINITE_RECURSION = YES;
				CLANG_WARN_INT_CONVERSION = YES;
				CLANG_WARN_NON_LITERAL_NULL_CONVERSION = YES;
				CLANG_WARN_OBJC_IMPLICIT_RETAIN_SELF = YES;
				CLANG_WARN_OBJC_LITERAL_CONVERSION = YES;
				CLANG_WARN_OBJC_ROOT_CLASS = YES_ERROR;
				CLANG_WARN_QUOTED_INCLUDE_IN_FRAMEWORK_HEADER = YES;
				CLANG_WARN_RANGE_LOOP_ANALYSIS = YES;
				CLANG_WARN_STRICT_PROTOTYPES = YES;
				CLANG_WARN_SUSPICIOUS_MOVE = YES;
				CLANG_WARN_UNGUARDED_AVAILABILITY = YES_AGGRESSIVE;
				CLANG_WARN_UNREACHABLE_CODE = YES;
				CLANG_WARN__DUPLICATE_METHOD_MATCH = YES;
				COPY_PHASE_STRIP = NO;
				DEBUG_INFORMATION_FORMAT = "dwarf-with-dsym";
				ENABLE_NS_ASSERTIONS = NO;
				ENABLE_STRICT_OBJC_MSGSEND = YES;
				GCC_C_LANGUAGE_STANDARD = gnu11;
				GCC_NO_COMMON_BLOCKS = YES;
				GCC_WARN_64_TO_32_BIT_CONVERSION = YES;
				GCC_WARN_ABOUT_RETURN_TYPE = YES_ERROR;
				GCC_WARN_UNDECLARED_SELECTOR = YES;
				GCC_WARN_UNINITIALIZED_AUTOS = YES_AGGRESSIVE;
				GCC_WARN_UNUSED_FUNCTION = YES;
				GCC_WARN_UNUSED_VARIABLE = YES;
				IPHONEOS_DEPLOYMENT_TARGET = 14.0;
				MTL_ENABLE_DEBUG_INFO = NO;
				MTL_FAST_MATH = YES;
				SDKROOT = iphoneos;
				SWIFT_COMPILATION_MODE = wholemodule;
				SWIFT_OPTIMIZATION_LEVEL = "-O";
				VALIDATE_PRODUCT = YES;
			};
			name = Release;
		};
		00099C7B25AB560500843AF4 /* Debug */ = {
			isa = XCBuildConfiguration;
			buildSettings = {
				ASSETCATALOG_COMPILER_APPICON_NAME = AppIcon;
				ASSETCATALOG_COMPILER_GLOBAL_ACCENT_COLOR_NAME = AccentColor;
				CODE_SIGN_STYLE = Automatic;
				DEVELOPMENT_ASSET_PATHS = "\"Game Catalogue/Preview Content\"";
				DEVELOPMENT_TEAM = RL64JGDMP3;
				ENABLE_PREVIEWS = YES;
				INFOPLIST_FILE = "Game Catalogue/Info.plist";
				IPHONEOS_DEPLOYMENT_TARGET = 14.0;
				LD_RUNPATH_SEARCH_PATHS = (
					"$(inherited)",
					"@executable_path/Frameworks",
				);
				PRODUCT_BUNDLE_IDENTIFIER = "Zaen.Game-Catalogue";
				PRODUCT_NAME = "$(TARGET_NAME)";
				SWIFT_VERSION = 5.0;
				TARGETED_DEVICE_FAMILY = "1,2";
			};
			name = Debug;
		};
		00099C7C25AB560500843AF4 /* Release */ = {
			isa = XCBuildConfiguration;
			buildSettings = {
				ASSETCATALOG_COMPILER_APPICON_NAME = AppIcon;
				ASSETCATALOG_COMPILER_GLOBAL_ACCENT_COLOR_NAME = AccentColor;
				CODE_SIGN_STYLE = Automatic;
				DEVELOPMENT_ASSET_PATHS = "\"Game Catalogue/Preview Content\"";
				DEVELOPMENT_TEAM = RL64JGDMP3;
				ENABLE_PREVIEWS = YES;
				INFOPLIST_FILE = "Game Catalogue/Info.plist";
				IPHONEOS_DEPLOYMENT_TARGET = 14.0;
				LD_RUNPATH_SEARCH_PATHS = (
					"$(inherited)",
					"@executable_path/Frameworks",
				);
				PRODUCT_BUNDLE_IDENTIFIER = "Zaen.Game-Catalogue";
				PRODUCT_NAME = "$(TARGET_NAME)";
				SWIFT_VERSION = 5.0;
				TARGETED_DEVICE_FAMILY = "1,2";
			};
			name = Release;
		};
		00E3341125BE686A000A36B4 /* Debug */ = {
			isa = XCBuildConfiguration;
			buildSettings = {
				BUNDLE_LOADER = "$(TEST_HOST)";
				CODE_SIGN_STYLE = Automatic;
				DEVELOPMENT_TEAM = RL64JGDMP3;
				INFOPLIST_FILE = "Game CatalogueTests/Info.plist";
				IPHONEOS_DEPLOYMENT_TARGET = 14.3;
				LD_RUNPATH_SEARCH_PATHS = (
					"$(inherited)",
					"@executable_path/Frameworks",
					"@loader_path/Frameworks",
				);
				PRODUCT_BUNDLE_IDENTIFIER = "Zaen.Game-CatalogueTests";
				PRODUCT_NAME = "$(TARGET_NAME)";
				SWIFT_VERSION = 5.0;
				TARGETED_DEVICE_FAMILY = "1,2";
				TEST_HOST = "$(BUILT_PRODUCTS_DIR)/Game Catalogue.app/Game Catalogue";
			};
			name = Debug;
		};
		00E3341225BE686A000A36B4 /* Release */ = {
			isa = XCBuildConfiguration;
			buildSettings = {
				BUNDLE_LOADER = "$(TEST_HOST)";
				CODE_SIGN_STYLE = Automatic;
				DEVELOPMENT_TEAM = RL64JGDMP3;
				INFOPLIST_FILE = "Game CatalogueTests/Info.plist";
				IPHONEOS_DEPLOYMENT_TARGET = 14.3;
				LD_RUNPATH_SEARCH_PATHS = (
					"$(inherited)",
					"@executable_path/Frameworks",
					"@loader_path/Frameworks",
				);
				PRODUCT_BUNDLE_IDENTIFIER = "Zaen.Game-CatalogueTests";
				PRODUCT_NAME = "$(TARGET_NAME)";
				SWIFT_VERSION = 5.0;
				TARGETED_DEVICE_FAMILY = "1,2";
				TEST_HOST = "$(BUILT_PRODUCTS_DIR)/Game Catalogue.app/Game Catalogue";
			};
			name = Release;
		};
		00E3342125BE688A000A36B4 /* Debug */ = {
			isa = XCBuildConfiguration;
			buildSettings = {
				CODE_SIGN_STYLE = Automatic;
				DEVELOPMENT_TEAM = RL64JGDMP3;
				INFOPLIST_FILE = "Game CatalogueUITests/Info.plist";
				IPHONEOS_DEPLOYMENT_TARGET = 14.3;
				LD_RUNPATH_SEARCH_PATHS = (
					"$(inherited)",
					"@executable_path/Frameworks",
					"@loader_path/Frameworks",
				);
				PRODUCT_BUNDLE_IDENTIFIER = "Zaen.Game-CatalogueUITests";
				PRODUCT_NAME = "$(TARGET_NAME)";
				SWIFT_VERSION = 5.0;
				TARGETED_DEVICE_FAMILY = "1,2";
				TEST_TARGET_NAME = "Game Catalogue";
			};
			name = Debug;
		};
		00E3342225BE688A000A36B4 /* Release */ = {
			isa = XCBuildConfiguration;
			buildSettings = {
				CODE_SIGN_STYLE = Automatic;
				DEVELOPMENT_TEAM = RL64JGDMP3;
				INFOPLIST_FILE = "Game CatalogueUITests/Info.plist";
				IPHONEOS_DEPLOYMENT_TARGET = 14.3;
				LD_RUNPATH_SEARCH_PATHS = (
					"$(inherited)",
					"@executable_path/Frameworks",
					"@loader_path/Frameworks",
				);
				PRODUCT_BUNDLE_IDENTIFIER = "Zaen.Game-CatalogueUITests";
				PRODUCT_NAME = "$(TARGET_NAME)";
				SWIFT_VERSION = 5.0;
				TARGETED_DEVICE_FAMILY = "1,2";
				TEST_TARGET_NAME = "Game Catalogue";
			};
			name = Release;
		};
/* End XCBuildConfiguration section */

/* Begin XCConfigurationList section */
		00099C6125AB560200843AF4 /* Build configuration list for PBXProject "Game Catalogue" */ = {
			isa = XCConfigurationList;
			buildConfigurations = (
				00099C7825AB560500843AF4 /* Debug */,
				00099C7925AB560500843AF4 /* Release */,
			);
			defaultConfigurationIsVisible = 0;
			defaultConfigurationName = Release;
		};
		00099C7A25AB560500843AF4 /* Build configuration list for PBXNativeTarget "Game Catalogue" */ = {
			isa = XCConfigurationList;
			buildConfigurations = (
				00099C7B25AB560500843AF4 /* Debug */,
				00099C7C25AB560500843AF4 /* Release */,
			);
			defaultConfigurationIsVisible = 0;
			defaultConfigurationName = Release;
		};
		00E3341025BE686A000A36B4 /* Build configuration list for PBXNativeTarget "Game CatalogueTests" */ = {
			isa = XCConfigurationList;
			buildConfigurations = (
				00E3341125BE686A000A36B4 /* Debug */,
				00E3341225BE686A000A36B4 /* Release */,
			);
			defaultConfigurationIsVisible = 0;
			defaultConfigurationName = Release;
		};
		00E3342025BE688A000A36B4 /* Build configuration list for PBXNativeTarget "Game CatalogueUITests" */ = {
			isa = XCConfigurationList;
			buildConfigurations = (
				00E3342125BE688A000A36B4 /* Debug */,
				00E3342225BE688A000A36B4 /* Release */,
			);
			defaultConfigurationIsVisible = 0;
			defaultConfigurationName = Release;
		};
/* End XCConfigurationList section */

/* Begin XCRemoteSwiftPackageReference section */
		00099C8D25AB58B400843AF4 /* XCRemoteSwiftPackageReference "Alamofire" */ = {
			isa = XCRemoteSwiftPackageReference;
			repositoryURL = "https://github.com/Alamofire/Alamofire";
			requirement = {
				kind = upToNextMajorVersion;
				minimumVersion = 5.4.1;
			};
		};
		00099C9125AB58E700843AF4 /* XCRemoteSwiftPackageReference "SDWebImageSwiftUI" */ = {
			isa = XCRemoteSwiftPackageReference;
			repositoryURL = "https://github.com/SDWebImage/SDWebImageSwiftUI";
			requirement = {
				kind = upToNextMajorVersion;
				minimumVersion = 1.5.0;
			};
		};
		003018E825B2ABD2004F9925 /* XCRemoteSwiftPackageReference "realm-cocoa" */ = {
			isa = XCRemoteSwiftPackageReference;
			repositoryURL = "https://github.com/realm/realm-cocoa";
			requirement = {
				kind = upToNextMajorVersion;
				minimumVersion = 5.4.4;
			};
		};
		00457CCB25BFAADC00D5FE60 /* XCRemoteSwiftPackageReference "Game-Catalogue-CoreSDK" */ = {
			isa = XCRemoteSwiftPackageReference;
			repositoryURL = "https://github.com/zaen-njxzu/Game-Catalogue-CoreSDK.git";
			requirement = {
				kind = upToNextMajorVersion;
				minimumVersion = 1.10.0;
			};
		};
/* End XCRemoteSwiftPackageReference section */

/* Begin XCSwiftPackageProductDependency section */
		00099C8E25AB58B400843AF4 /* Alamofire */ = {
			isa = XCSwiftPackageProductDependency;
			package = 00099C8D25AB58B400843AF4 /* XCRemoteSwiftPackageReference "Alamofire" */;
			productName = Alamofire;
		};
		00099C9225AB58E700843AF4 /* SDWebImageSwiftUI */ = {
			isa = XCSwiftPackageProductDependency;
			package = 00099C9125AB58E700843AF4 /* XCRemoteSwiftPackageReference "SDWebImageSwiftUI" */;
			productName = SDWebImageSwiftUI;
		};
		003018E925B2ABD2004F9925 /* Realm */ = {
			isa = XCSwiftPackageProductDependency;
			package = 003018E825B2ABD2004F9925 /* XCRemoteSwiftPackageReference "realm-cocoa" */;
			productName = Realm;
		};
		003018EB25B2ABD2004F9925 /* RealmSwift */ = {
			isa = XCSwiftPackageProductDependency;
			package = 003018E825B2ABD2004F9925 /* XCRemoteSwiftPackageReference "realm-cocoa" */;
			productName = RealmSwift;
		};
		00457CCC25BFAADC00D5FE60 /* CoreSDK */ = {
			isa = XCSwiftPackageProductDependency;
			package = 00457CCB25BFAADC00D5FE60 /* XCRemoteSwiftPackageReference "Game-Catalogue-CoreSDK" */;
			productName = CoreSDK;
		};
		00B6756625BFB09E00A888B5 /* Catalogue */ = {
			isa = XCSwiftPackageProductDependency;
			productName = Catalogue;
		};
/* End XCSwiftPackageProductDependency section */
	};
	rootObject = 00099C5E25AB560200843AF4 /* Project object */;
}
